
Microsoft Visual Studio Solution File, Format Version 12.00
Project("{FAE04EC0-301F-11D3-BF4B-00C04F79EFBC}") = "dejkstra-algorithm", "dejkstra-algorithm\dejkstra-algorithm.csproj", "{7171ADD2-4E06-49A6-AFAB-94E6D911E70A}"
EndProject
Global
	GlobalSection(SolutionConfigurationPlatforms) = preSolution
		Debug|Any CPU = Debug|Any CPU
		Release|Any CPU = Release|Any CPU
	EndGlobalSection
	GlobalSection(ProjectConfigurationPlatforms) = postSolution
		{7171ADD2-4E06-49A6-AFAB-94E6D911E70A}.Debug|Any CPU.ActiveCfg = Debug|Any CPU
		{7171ADD2-4E06-49A6-AFAB-94E6D911E70A}.Debug|Any CPU.Build.0 = Debug|Any CPU
		{7171ADD2-4E06-49A6-AFAB-94E6D911E70A}.Release|Any CPU.ActiveCfg = Release|Any CPU
		{7171ADD2-4E06-49A6-AFAB-94E6D911E70A}.Release|Any CPU.Build.0 = Release|Any CPU
	EndGlobalSection
EndGlobal
